
Microsoft Visual Studio Solution File, Format Version 12.00
# Visual Studio Version 17
VisualStudioVersion = 17.11.35312.102
MinimumVisualStudioVersion = 10.0.40219.1
Project("{FAE04EC0-301F-11D3-BF4B-00C04F79EFBC}") = "GSB_2", "GSB_2\GSB_2.csproj", "{879CB605-3485-43E1-A102-A7522058B607}"
EndProject
Global
	GlobalSection(SolutionConfigurationPlatforms) = preSolution
		Debug|Any CPU = Debug|Any CPU
		Release|Any CPU = Release|Any CPU
	EndGlobalSection
	GlobalSection(ProjectConfigurationPlatforms) = postSolution
		{879CB605-3485-43E1-A102-A7522058B607}.Debug|Any CPU.ActiveCfg = Debug|Any CPU
		{879CB605-3485-43E1-A102-A7522058B607}.Debug|Any CPU.Build.0 = Debug|Any CPU
		{879CB605-3485-43E1-A102-A7522058B607}.Release|Any CPU.ActiveCfg = Release|Any CPU
		{879CB605-3485-43E1-A102-A7522058B607}.Release|Any CPU.Build.0 = Release|Any CPU
	EndGlobalSection
	GlobalSection(SolutionProperties) = preSolution
		HideSolutionNode = FALSE
	EndGlobalSection
	GlobalSection(ExtensibilityGlobals) = postSolution
		SolutionGuid = {2C807347-7928-4B0A-B196-57269B7BD5D4}
	EndGlobalSection
EndGlobal
